
Microsoft Visual Studio Solution File, Format Version 12.00
# Visual Studio Version 17
VisualStudioVersion = 17.10.35122.118
MinimumVisualStudioVersion = 10.0.40219.1
Project("{FAE04EC0-301F-11D3-BF4B-00C04F79EFBC}") = "ATM", "ATM.csproj", "{037A9A0E-E6B7-4F5D-9956-6CDA3E65EFAF}"
EndProject
Global
	GlobalSection(SolutionConfigurationPlatforms) = preSolution
		Debug|Any CPU = Debug|Any CPU
		Release|Any CPU = Release|Any CPU
	EndGlobalSection
	GlobalSection(ProjectConfigurationPlatforms) = postSolution
		{037A9A0E-E6B7-4F5D-9956-6CDA3E65EFAF}.Debug|Any CPU.ActiveCfg = Debug|Any CPU
		{037A9A0E-E6B7-4F5D-9956-6CDA3E65EFAF}.Debug|Any CPU.Build.0 = Debug|Any CPU
		{037A9A0E-E6B7-4F5D-9956-6CDA3E65EFAF}.Release|Any CPU.ActiveCfg = Release|Any CPU
		{037A9A0E-E6B7-4F5D-9956-6CDA3E65EFAF}.Release|Any CPU.Build.0 = Release|Any CPU
	EndGlobalSection
	GlobalSection(SolutionProperties) = preSolution
		HideSolutionNode = FALSE
	EndGlobalSection
	GlobalSection(ExtensibilityGlobals) = postSolution
		SolutionGuid = {D0D1DBA4-FE7D-45BF-9F74-CABC20F65C12}
	EndGlobalSection
EndGlobal
